
Microsoft Visual Studio Solution File, Format Version 12.00
# Visual Studio Version 16
VisualStudioVersion = 16.0.30711.63
MinimumVisualStudioVersion = 10.0.40219.1
Project("{FAE04EC0-301F-11D3-BF4B-00C04F79EFBC}") = "Cafe_Management_System", "Cafe_Management_System\Cafe_Management_System.csproj", "{1FD4707C-E70B-42C1-86A6-872F4B6759C4}"
EndProject
Global
	GlobalSection(SolutionConfigurationPlatforms) = preSolution
		Debug|Any CPU = Debug|Any CPU
		Release|Any CPU = Release|Any CPU
	EndGlobalSection
	GlobalSection(ProjectConfigurationPlatforms) = postSolution
		{1FD4707C-E70B-42C1-86A6-872F4B6759C4}.Debug|Any CPU.ActiveCfg = Debug|Any CPU
		{1FD4707C-E70B-42C1-86A6-872F4B6759C4}.Debug|Any CPU.Build.0 = Debug|Any CPU
		{1FD4707C-E70B-42C1-86A6-872F4B6759C4}.Release|Any CPU.ActiveCfg = Release|Any CPU
		{1FD4707C-E70B-42C1-86A6-872F4B6759C4}.Release|Any CPU.Build.0 = Release|Any CPU
	EndGlobalSection
	GlobalSection(SolutionProperties) = preSolution
		HideSolutionNode = FALSE
	EndGlobalSection
	GlobalSection(ExtensibilityGlobals) = postSolution
		SolutionGuid = {AF247D10-5E77-4A12-A786-D8E6F8DC7849}
	EndGlobalSection
EndGlobal
